// !$*UTF8*$!
{
	archiveVersion = 1;
	classes = {
	};
	objectVersion = 55;
	objects = {

/* Begin PBXBuildFile section */
		122945932827754D00898CF6 /* ReminderMenu.swift in Sources */ = {isa = PBXBuildFile; fileRef = 122945922827754D00898CF6 /* ReminderMenu.swift */; };
		1229459528277B3800898CF6 /* DailyIntake.swift in Sources */ = {isa = PBXBuildFile; fileRef = 1229459428277B3800898CF6 /* DailyIntake.swift */; };
		122945972827CA6800898CF6 /* AppColors.swift in Sources */ = {isa = PBXBuildFile; fileRef = 122945962827CA6800898CF6 /* AppColors.swift */; };
		122945992827CABB00898CF6 /* AppButton.swift in Sources */ = {isa = PBXBuildFile; fileRef = 122945982827CABB00898CF6 /* AppButton.swift */; };
		1229459F2827E23800898CF6 /* AddDrink.swift in Sources */ = {isa = PBXBuildFile; fileRef = 1229459E2827E23800898CF6 /* AddDrink.swift */; };
		122945A12827E26C00898CF6 /* GreatJob.swift in Sources */ = {isa = PBXBuildFile; fileRef = 122945A02827E26C00898CF6 /* GreatJob.swift */; };
		122945A32827E28300898CF6 /* History.swift in Sources */ = {isa = PBXBuildFile; fileRef = 122945A22827E28300898CF6 /* History.swift */; };
		122945A52827E2A800898CF6 /* Settings.swift in Sources */ = {isa = PBXBuildFile; fileRef = 122945A42827E2A800898CF6 /* Settings.swift */; };
		122945A72828269100898CF6 /* GradientRectangle.swift in Sources */ = {isa = PBXBuildFile; fileRef = 122945A62828269100898CF6 /* GradientRectangle.swift */; };
		122945AB2828389700898CF6 /* AppText.swift in Sources */ = {isa = PBXBuildFile; fileRef = 122945AA2828389700898CF6 /* AppText.swift */; };
		122945AD2828399500898CF6 /* AppText2.swift in Sources */ = {isa = PBXBuildFile; fileRef = 122945AC2828399500898CF6 /* AppText2.swift */; };
		122945B128284B3A00898CF6 /* TabsView.swift in Sources */ = {isa = PBXBuildFile; fileRef = 122945B028284B3A00898CF6 /* TabsView.swift */; };
		1283A4B228259FE600E6C3D5 /* Water_BalanceApp.swift in Sources */ = {isa = PBXBuildFile; fileRef = 1283A4B128259FE600E6C3D5 /* Water_BalanceApp.swift */; };
		1283A4B428259FE600E6C3D5 /* ContentView.swift in Sources */ = {isa = PBXBuildFile; fileRef = 1283A4B328259FE600E6C3D5 /* ContentView.swift */; };
		1283A4B628259FE900E6C3D5 /* Assets.xcassets in Resources */ = {isa = PBXBuildFile; fileRef = 1283A4B528259FE900E6C3D5 /* Assets.xcassets */; };
		1283A4B928259FE900E6C3D5 /* Preview Assets.xcassets in Resources */ = {isa = PBXBuildFile; fileRef = 1283A4B828259FE900E6C3D5 /* Preview Assets.xcassets */; };
/* End PBXBuildFile section */

/* Begin PBXFileReference section */
		122945922827754D00898CF6 /* ReminderMenu.swift */ = {isa = PBXFileReference; lastKnownFileType = sourcecode.swift; path = ReminderMenu.swift; sourceTree = "<group>"; };
		1229459428277B3800898CF6 /* DailyIntake.swift */ = {isa = PBXFileReference; lastKnownFileType = sourcecode.swift; path = DailyIntake.swift; sourceTree = "<group>"; };
		122945962827CA6800898CF6 /* AppColors.swift */ = {isa = PBXFileReference; lastKnownFileType = sourcecode.swift; path = AppColors.swift; sourceTree = "<group>"; };
		122945982827CABB00898CF6 /* AppButton.swift */ = {isa = PBXFileReference; lastKnownFileType = sourcecode.swift; path = AppButton.swift; sourceTree = "<group>"; };
		1229459E2827E23800898CF6 /* AddDrink.swift */ = {isa = PBXFileReference; lastKnownFileType = sourcecode.swift; path = AddDrink.swift; sourceTree = "<group>"; };
		122945A02827E26C00898CF6 /* GreatJob.swift */ = {isa = PBXFileReference; lastKnownFileType = sourcecode.swift; path = GreatJob.swift; sourceTree = SOURCE_ROOT; };
		122945A22827E28300898CF6 /* History.swift */ = {isa = PBXFileReference; lastKnownFileType = sourcecode.swift; path = History.swift; sourceTree = "<group>"; };
		122945A42827E2A800898CF6 /* Settings.swift */ = {isa = PBXFileReference; lastKnownFileType = sourcecode.swift; path = Settings.swift; sourceTree = "<group>"; };
		122945A62828269100898CF6 /* GradientRectangle.swift */ = {isa = PBXFileReference; lastKnownFileType = sourcecode.swift; path = GradientRectangle.swift; sourceTree = "<group>"; };
		122945AA2828389700898CF6 /* AppText.swift */ = {isa = PBXFileReference; lastKnownFileType = sourcecode.swift; path = AppText.swift; sourceTree = "<group>"; };
		122945AC2828399500898CF6 /* AppText2.swift */ = {isa = PBXFileReference; lastKnownFileType = sourcecode.swift; path = AppText2.swift; sourceTree = "<group>"; };
		122945B028284B3A00898CF6 /* TabsView.swift */ = {isa = PBXFileReference; lastKnownFileType = sourcecode.swift; path = TabsView.swift; sourceTree = "<group>"; };
		1283A4AE28259FE600E6C3D5 /* Water Balance.app */ = {isa = PBXFileReference; explicitFileType = wrapper.application; includeInIndex = 0; path = "Water Balance.app"; sourceTree = BUILT_PRODUCTS_DIR; };
		1283A4B128259FE600E6C3D5 /* Water_BalanceApp.swift */ = {isa = PBXFileReference; lastKnownFileType = sourcecode.swift; path = Water_BalanceApp.swift; sourceTree = "<group>"; };
		1283A4B328259FE600E6C3D5 /* ContentView.swift */ = {isa = PBXFileReference; lastKnownFileType = sourcecode.swift; path = ContentView.swift; sourceTree = "<group>"; };
		1283A4B528259FE900E6C3D5 /* Assets.xcassets */ = {isa = PBXFileReference; lastKnownFileType = folder.assetcatalog; path = Assets.xcassets; sourceTree = "<group>"; };
		1283A4B828259FE900E6C3D5 /* Preview Assets.xcassets */ = {isa = PBXFileReference; lastKnownFileType = folder.assetcatalog; path = "Preview Assets.xcassets"; sourceTree = "<group>"; };
/* End PBXFileReference section */

/* Begin PBXFrameworksBuildPhase section */
		1283A4AB28259FE600E6C3D5 /* Frameworks */ = {
			isa = PBXFrameworksBuildPhase;
			buildActionMask = 2147483647;
			files = (
			);
			runOnlyForDeploymentPostprocessing = 0;
		};
/* End PBXFrameworksBuildPhase section */

/* Begin PBXGroup section */
		1283A4A528259FE600E6C3D5 = {
			isa = PBXGroup;
			children = (
				1283A4B028259FE600E6C3D5 /* Water Balance */,
				1283A4AF28259FE600E6C3D5 /* Products */,
			);
			sourceTree = "<group>";
		};
		1283A4AF28259FE600E6C3D5 /* Products */ = {
			isa = PBXGroup;
			children = (
				1283A4AE28259FE600E6C3D5 /* Water Balance.app */,
			);
			name = Products;
			sourceTree = "<group>";
		};
		1283A4B028259FE600E6C3D5 /* Water Balance */ = {
			isa = PBXGroup;
			children = (
				1283A4B128259FE600E6C3D5 /* Water_BalanceApp.swift */,
				1283A4B328259FE600E6C3D5 /* ContentView.swift */,
				122945922827754D00898CF6 /* ReminderMenu.swift */,
				1229459428277B3800898CF6 /* DailyIntake.swift */,
				1229459E2827E23800898CF6 /* AddDrink.swift */,
				122945A02827E26C00898CF6 /* GreatJob.swift */,
				122945A22827E28300898CF6 /* History.swift */,
				122945A42827E2A800898CF6 /* Settings.swift */,
				122945B028284B3A00898CF6 /* TabsView.swift */,
				122945A62828269100898CF6 /* GradientRectangle.swift */,
				122945982827CABB00898CF6 /* AppButton.swift */,
				122945AA2828389700898CF6 /* AppText.swift */,
				122945AC2828399500898CF6 /* AppText2.swift */,
				122945962827CA6800898CF6 /* AppColors.swift */,
				1283A4B528259FE900E6C3D5 /* Assets.xcassets */,
				1283A4B728259FE900E6C3D5 /* Preview Content */,
			);
			path = "Water Balance";
			sourceTree = "<group>";
		};
		1283A4B728259FE900E6C3D5 /* Preview Content */ = {
			isa = PBXGroup;
			children = (
				1283A4B828259FE900E6C3D5 /* Preview Assets.xcassets */,
			);
			path = "Preview Content";
			sourceTree = "<group>";
		};
/* End PBXGroup section */

/* Begin PBXNativeTarget section */
		1283A4AD28259FE600E6C3D5 /* Water Balance */ = {
			isa = PBXNativeTarget;
			buildConfigurationList = 1283A4BC28259FE900E6C3D5 /* Build configuration list for PBXNativeTarget "Water Balance" */;
			buildPhases = (
				1283A4AA28259FE600E6C3D5 /* Sources */,
				1283A4AB28259FE600E6C3D5 /* Frameworks */,
				1283A4AC28259FE600E6C3D5 /* Resources */,
			);
			buildRules = (
			);
			dependencies = (
			);
			name = "Water Balance";
			productName = "Water Balance";
			productReference = 1283A4AE28259FE600E6C3D5 /* Water Balance.app */;
			productType = "com.apple.product-type.application";
		};
/* End PBXNativeTarget section */

/* Begin PBXProject section */
		1283A4A628259FE600E6C3D5 /* Project object */ = {
			isa = PBXProject;
			attributes = {
				BuildIndependentTargetsInParallel = 1;
				LastSwiftUpdateCheck = 1330;
				LastUpgradeCheck = 1330;
				TargetAttributes = {
					1283A4AD28259FE600E6C3D5 = {
						CreatedOnToolsVersion = 13.3.1;
					};
				};
			};
			buildConfigurationList = 1283A4A928259FE600E6C3D5 /* Build configuration list for PBXProject "Water Balance" */;
			compatibilityVersion = "Xcode 13.0";
			developmentRegion = en;
			hasScannedForEncodings = 0;
			knownRegions = (
				en,
				Base,
			);
			mainGroup = 1283A4A528259FE600E6C3D5;
			productRefGroup = 1283A4AF28259FE600E6C3D5 /* Products */;
			projectDirPath = "";
			projectRoot = "";
			targets = (
				1283A4AD28259FE600E6C3D5 /* Water Balance */,
			);
		};
/* End PBXProject section */

/* Begin PBXResourcesBuildPhase section */
		1283A4AC28259FE600E6C3D5 /* Resources */ = {
			isa = PBXResourcesBuildPhase;
			buildActionMask = 2147483647;
			files = (
				1283A4B928259FE900E6C3D5 /* Preview Assets.xcassets in Resources */,
				1283A4B628259FE900E6C3D5 /* Assets.xcassets in Resources */,
			);
			runOnlyForDeploymentPostprocessing = 0;
		};
/* End PBXResourcesBuildPhase section */

/* Begin PBXSourcesBuildPhase section */
		1283A4AA28259FE600E6C3D5 /* Sources */ = {
			isa = PBXSourcesBuildPhase;
			buildActionMask = 2147483647;
			files = (
				122945AD2828399500898CF6 /* AppText2.swift in Sources */,
				1283A4B428259FE600E6C3D5 /* ContentView.swift in Sources */,
				1229459F2827E23800898CF6 /* AddDrink.swift in Sources */,
				122945AB2828389700898CF6 /* AppText.swift in Sources */,
				1283A4B228259FE600E6C3D5 /* Water_BalanceApp.swift in Sources */,
				122945A32827E28300898CF6 /* History.swift in Sources */,
				122945932827754D00898CF6 /* ReminderMenu.swift in Sources */,
				122945A12827E26C00898CF6 /* GreatJob.swift in Sources */,
				122945B128284B3A00898CF6 /* TabsView.swift in Sources */,
				122945A72828269100898CF6 /* GradientRectangle.swift in Sources */,
				122945992827CABB00898CF6 /* AppButton.swift in Sources */,
				122945972827CA6800898CF6 /* AppColors.swift in Sources */,
				122945A52827E2A800898CF6 /* Settings.swift in Sources */,
				1229459528277B3800898CF6 /* DailyIntake.swift in Sources */,
			);
			runOnlyForDeploymentPostprocessing = 0;
		};
/* End PBXSourcesBuildPhase section */

/* Begin XCBuildConfiguration section */
		1283A4BA28259FE900E6C3D5 /* Debug */ = {
			isa = XCBuildConfiguration;
			buildSettings = {
				ALWAYS_SEARCH_USER_PATHS = NO;
				CLANG_ANALYZER_NONNULL = YES;
				CLANG_ANALYZER_NUMBER_OBJECT_CONVERSION = YES_AGGRESSIVE;
				CLANG_CXX_LANGUAGE_STANDARD = "gnu++17";
				CLANG_ENABLE_MODULES = YES;
				CLANG_ENABLE_OBJC_ARC = YES;
				CLANG_ENABLE_OBJC_WEAK = YES;
				CLANG_WARN_BLOCK_CAPTURE_AUTORELEASING = YES;
				CLANG_WARN_BOOL_CONVERSION = YES;
				CLANG_WARN_COMMA = YES;
				CLANG_WARN_CONSTANT_CONVERSION = YES;
				CLANG_WARN_DEPRECATED_OBJC_IMPLEMENTATIONS = YES;
				CLANG_WARN_DIRECT_OBJC_ISA_USAGE = YES_ERROR;
				CLANG_WARN_DOCUMENTATION_COMMENTS = YES;
				CLANG_WARN_EMPTY_BODY = YES;
				CLANG_WARN_ENUM_CONVERSION = YES;
				CLANG_WARN_INFINITE_RECURSION = YES;
				CLANG_WARN_INT_CONVERSION = YES;
				CLANG_WARN_NON_LITERAL_NULL_CONVERSION = YES;
				CLANG_WARN_OBJC_IMPLICIT_RETAIN_SELF = YES;
				CLANG_WARN_OBJC_LITERAL_CONVERSION = YES;
				CLANG_WARN_OBJC_ROOT_CLASS = YES_ERROR;
				CLANG_WARN_QUOTED_INCLUDE_IN_FRAMEWORK_HEADER = YES;
				CLANG_WARN_RANGE_LOOP_ANALYSIS = YES;
				CLANG_WARN_STRICT_PROTOTYPES = YES;
				CLANG_WARN_SUSPICIOUS_MOVE = YES;
				CLANG_WARN_UNGUARDED_AVAILABILITY = YES_AGGRESSIVE;
				CLANG_WARN_UNREACHABLE_CODE = YES;
				CLANG_WARN__DUPLICATE_METHOD_MATCH = YES;
				COPY_PHASE_STRIP = NO;
				DEBUG_INFORMATION_FORMAT = dwarf;
				ENABLE_STRICT_OBJC_MSGSEND = YES;
				ENABLE_TESTABILITY = YES;
				GCC_C_LANGUAGE_STANDARD = gnu11;
				GCC_DYNAMIC_NO_PIC = NO;
				GCC_NO_COMMON_BLOCKS = YES;
				GCC_OPTIMIZATION_LEVEL = 0;
				GCC_PREPROCESSOR_DEFINITIONS = (
					"DEBUG=1",
					"$(inherited)",
				);
				GCC_WARN_64_TO_32_BIT_CONVERSION = YES;
				GCC_WARN_ABOUT_RETURN_TYPE = YES_ERROR;
				GCC_WARN_UNDECLARED_SELECTOR = YES;
				GCC_WARN_UNINITIALIZED_AUTOS = YES_AGGRESSIVE;
				GCC_WARN_UNUSED_FUNCTION = YES;
				GCC_WARN_UNUSED_VARIABLE = YES;
				IPHONEOS_DEPLOYMENT_TARGET = 15.4;
				MTL_ENABLE_DEBUG_INFO = INCLUDE_SOURCE;
				MTL_FAST_MATH = YES;
				ONLY_ACTIVE_ARCH = YES;
				SDKROOT = iphoneos;
				SWIFT_ACTIVE_COMPILATION_CONDITIONS = DEBUG;
				SWIFT_OPTIMIZATION_LEVEL = "-Onone";
			};
			name = Debug;
		};
		1283A4BB28259FE900E6C3D5 /* Release */ = {
			isa = XCBuildConfiguration;
			buildSettings = {
				ALWAYS_SEARCH_USER_PATHS = NO;
				CLANG_ANALYZER_NONNULL = YES;
				CLANG_ANALYZER_NUMBER_OBJECT_CONVERSION = YES_AGGRESSIVE;
				CLANG_CXX_LANGUAGE_STANDARD = "gnu++17";
				CLANG_ENABLE_MODULES = YES;
				CLANG_ENABLE_OBJC_ARC = YES;
				CLANG_ENABLE_OBJC_WEAK = YES;
				CLANG_WARN_BLOCK_CAPTURE_AUTORELEASING = YES;
				CLANG_WARN_BOOL_CONVERSION = YES;
				CLANG_WARN_COMMA = YES;
				CLANG_WARN_CONSTANT_CONVERSION = YES;
				CLANG_WARN_DEPRECATED_OBJC_IMPLEMENTATIONS = YES;
				CLANG_WARN_DIRECT_OBJC_ISA_USAGE = YES_ERROR;
				CLANG_WARN_DOCUMENTATION_COMMENTS = YES;
				CLANG_WARN_EMPTY_BODY = YES;
				CLANG_WARN_ENUM_CONVERSION = YES;
				CLANG_WARN_INFINITE_RECURSION = YES;
				CLANG_WARN_INT_CONVERSION = YES;
				CLANG_WARN_NON_LITERAL_NULL_CONVERSION = YES;
				CLANG_WARN_OBJC_IMPLICIT_RETAIN_SELF = YES;
				CLANG_WARN_OBJC_LITERAL_CONVERSION = YES;
				CLANG_WARN_OBJC_ROOT_CLASS = YES_ERROR;
				CLANG_WARN_QUOTED_INCLUDE_IN_FRAMEWORK_HEADER = YES;
				CLANG_WARN_RANGE_LOOP_ANALYSIS = YES;
				CLANG_WARN_STRICT_PROTOTYPES = YES;
				CLANG_WARN_SUSPICIOUS_MOVE = YES;
				CLANG_WARN_UNGUARDED_AVAILABILITY = YES_AGGRESSIVE;
				CLANG_WARN_UNREACHABLE_CODE = YES;
				CLANG_WARN__DUPLICATE_METHOD_MATCH = YES;
				COPY_PHASE_STRIP = NO;
				DEBUG_INFORMATION_FORMAT = "dwarf-with-dsym";
				ENABLE_NS_ASSERTIONS = NO;
				ENABLE_STRICT_OBJC_MSGSEND = YES;
				GCC_C_LANGUAGE_STANDARD = gnu11;
				GCC_NO_COMMON_BLOCKS = YES;
				GCC_WARN_64_TO_32_BIT_CONVERSION = YES;
				GCC_WARN_ABOUT_RETURN_TYPE = YES_ERROR;
				GCC_WARN_UNDECLARED_SELECTOR = YES;
				GCC_WARN_UNINITIALIZED_AUTOS = YES_AGGRESSIVE;
				GCC_WARN_UNUSED_FUNCTION = YES;
				GCC_WARN_UNUSED_VARIABLE = YES;
				IPHONEOS_DEPLOYMENT_TARGET = 15.4;
				MTL_ENABLE_DEBUG_INFO = NO;
				MTL_FAST_MATH = YES;
				SDKROOT = iphoneos;
				SWIFT_COMPILATION_MODE = wholemodule;
				SWIFT_OPTIMIZATION_LEVEL = "-O";
				VALIDATE_PRODUCT = YES;
			};
			name = Release;
		};
		1283A4BD28259FE900E6C3D5 /* Debug */ = {
			isa = XCBuildConfiguration;
			buildSettings = {
				ASSETCATALOG_COMPILER_APPICON_NAME = AppIcon;
				ASSETCATALOG_COMPILER_GLOBAL_ACCENT_COLOR_NAME = AccentColor;
				CODE_SIGN_STYLE = Automatic;
				CURRENT_PROJECT_VERSION = 1;
				DEVELOPMENT_ASSET_PATHS = "\"Water Balance/Preview Content\"";
				ENABLE_PREVIEWS = YES;
				GENERATE_INFOPLIST_FILE = YES;
				INFOPLIST_KEY_UIApplicationSceneManifest_Generation = YES;
				INFOPLIST_KEY_UIApplicationSupportsIndirectInputEvents = YES;
				INFOPLIST_KEY_UILaunchScreen_Generation = YES;
				INFOPLIST_KEY_UISupportedInterfaceOrientations_iPad = "UIInterfaceOrientationPortrait UIInterfaceOrientationPortraitUpsideDown UIInterfaceOrientationLandscapeLeft UIInterfaceOrientationLandscapeRight";
				INFOPLIST_KEY_UISupportedInterfaceOrientations_iPhone = "UIInterfaceOrientationPortrait UIInterfaceOrientationLandscapeLeft UIInterfaceOrientationLandscapeRight";
				LD_RUNPATH_SEARCH_PATHS = (
					"$(inherited)",
					"@executable_path/Frameworks",
				);
				MARKETING_VERSION = 1.0;
				PRODUCT_BUNDLE_IDENTIFIER = "q.Water-Balance";
				PRODUCT_NAME = "$(TARGET_NAME)";
				SWIFT_EMIT_LOC_STRINGS = YES;
				SWIFT_VERSION = 5.0;
				TARGETED_DEVICE_FAMILY = "1,2";
			};
			name = Debug;
		};
		1283A4BE28259FE900E6C3D5 /* Release */ = {
			isa = XCBuildConfiguration;
			buildSettings = {
				ASSETCATALOG_COMPILER_APPICON_NAME = AppIcon;
				ASSETCATALOG_COMPILER_GLOBAL_ACCENT_COLOR_NAME = AccentColor;
				CODE_SIGN_STYLE = Automatic;
				CURRENT_PROJECT_VERSION = 1;
				DEVELOPMENT_ASSET_PATHS = "\"Water Balance/Preview Content\"";
				ENABLE_PREVIEWS = YES;
				GENERATE_INFOPLIST_FILE = YES;
				INFOPLIST_KEY_UIApplicationSceneManifest_Generation = YES;
				INFOPLIST_KEY_UIApplicationSupportsIndirectInputEvents = YES;
				INFOPLIST_KEY_UILaunchScreen_Generation = YES;
				INFOPLIST_KEY_UISupportedInterfaceOrientations_iPad = "UIInterfaceOrientationPortrait UIInterfaceOrientationPortraitUpsideDown UIInterfaceOrientationLandscapeLeft UIInterfaceOrientationLandscapeRight";
				INFOPLIST_KEY_UISupportedInterfaceOrientations_iPhone = "UIInterfaceOrientationPortrait UIInterfaceOrientationLandscapeLeft UIInterfaceOrientationLandscapeRight";
				LD_RUNPATH_SEARCH_PATHS = (
					"$(inherited)",
					"@executable_path/Frameworks",
				);
				MARKETING_VERSION = 1.0;
				PRODUCT_BUNDLE_IDENTIFIER = "q.Water-Balance";
				PRODUCT_NAME = "$(TARGET_NAME)";
				SWIFT_EMIT_LOC_STRINGS = YES;
				SWIFT_VERSION = 5.0;
				TARGETED_DEVICE_FAMILY = "1,2";
			};
			name = Release;
		};
/* End XCBuildConfiguration section */

/* Begin XCConfigurationList section */
		1283A4A928259FE600E6C3D5 /* Build configuration list for PBXProject "Water Balance" */ = {
			isa = XCConfigurationList;
			buildConfigurations = (
				1283A4BA28259FE900E6C3D5 /* Debug */,
				1283A4BB28259FE900E6C3D5 /* Release */,
			);
			defaultConfigurationIsVisible = 0;
			defaultConfigurationName = Release;
		};
		1283A4BC28259FE900E6C3D5 /* Build configuration list for PBXNativeTarget "Water Balance" */ = {
			isa = XCConfigurationList;
			buildConfigurations = (
				1283A4BD28259FE900E6C3D5 /* Debug */,
				1283A4BE28259FE900E6C3D5 /* Release */,
			);
			defaultConfigurationIsVisible = 0;
			defaultConfigurationName = Release;
		};
/* End XCConfigurationList section */
	};
	rootObject = 1283A4A628259FE600E6C3D5 /* Project object */;
}
